
Microsoft Visual Studio Solution File, Format Version 12.00
# Visual Studio 15
VisualStudioVersion = 15.0.27703.2026
MinimumVisualStudioVersion = 10.0.40219.1
Project("{FAE04EC0-301F-11D3-BF4B-00C04F79EFBC}") = "lesson3_2", "lesson3_2\lesson3_2.csproj", "{857B89F9-AB6E-4D4D-9C9D-BC0BAAC2744D}"
EndProject
Global
	GlobalSection(SolutionConfigurationPlatforms) = preSolution
		Debug|Any CPU = Debug|Any CPU
		Release|Any CPU = Release|Any CPU
	EndGlobalSection
	GlobalSection(ProjectConfigurationPlatforms) = postSolution
		{857B89F9-AB6E-4D4D-9C9D-BC0BAAC2744D}.Debug|Any CPU.ActiveCfg = Debug|Any CPU
		{857B89F9-AB6E-4D4D-9C9D-BC0BAAC2744D}.Debug|Any CPU.Build.0 = Debug|Any CPU
		{857B89F9-AB6E-4D4D-9C9D-BC0BAAC2744D}.Release|Any CPU.ActiveCfg = Release|Any CPU
		{857B89F9-AB6E-4D4D-9C9D-BC0BAAC2744D}.Release|Any CPU.Build.0 = Release|Any CPU
	EndGlobalSection
	GlobalSection(SolutionProperties) = preSolution
		HideSolutionNode = FALSE
	EndGlobalSection
	GlobalSection(ExtensibilityGlobals) = postSolution
		SolutionGuid = {76DA8FD3-020E-4BC6-8378-661394BF1CAF}
	EndGlobalSection
EndGlobal
