
Microsoft Visual Studio Solution File, Format Version 12.00
# Visual Studio 15
VisualStudioVersion = 15.0.27703.2026
MinimumVisualStudioVersion = 10.0.40219.1
Project("{FAE04EC0-301F-11D3-BF4B-00C04F79EFBC}") = "CarConstruction", "CarConstruct\CarConstruction.csproj", "{EBA181BF-01F5-4480-8217-0D9189E9C223}"
EndProject
Global
	GlobalSection(SolutionConfigurationPlatforms) = preSolution
		Debug|Any CPU = Debug|Any CPU
		Release|Any CPU = Release|Any CPU
	EndGlobalSection
	GlobalSection(ProjectConfigurationPlatforms) = postSolution
		{EBA181BF-01F5-4480-8217-0D9189E9C223}.Debug|Any CPU.ActiveCfg = Debug|Any CPU
		{EBA181BF-01F5-4480-8217-0D9189E9C223}.Debug|Any CPU.Build.0 = Debug|Any CPU
		{EBA181BF-01F5-4480-8217-0D9189E9C223}.Release|Any CPU.ActiveCfg = Release|Any CPU
		{EBA181BF-01F5-4480-8217-0D9189E9C223}.Release|Any CPU.Build.0 = Release|Any CPU
	EndGlobalSection
	GlobalSection(SolutionProperties) = preSolution
		HideSolutionNode = FALSE
	EndGlobalSection
	GlobalSection(ExtensibilityGlobals) = postSolution
		SolutionGuid = {C0F03CE5-F78D-4FC4-90A6-8C5786A51083}
	EndGlobalSection
EndGlobal
