
Microsoft Visual Studio Solution File, Format Version 12.00
# Visual Studio 15
VisualStudioVersion = 15.0.27703.2026
MinimumVisualStudioVersion = 10.0.40219.1
Project("{FAE04EC0-301F-11D3-BF4B-00C04F79EFBC}") = "Figures", "Figures\Figures.csproj", "{9DE14B33-5ED7-4103-8375-BD8F057D9B7C}"
EndProject
Global
	GlobalSection(SolutionConfigurationPlatforms) = preSolution
		Debug|Any CPU = Debug|Any CPU
		Release|Any CPU = Release|Any CPU
	EndGlobalSection
	GlobalSection(ProjectConfigurationPlatforms) = postSolution
		{9DE14B33-5ED7-4103-8375-BD8F057D9B7C}.Debug|Any CPU.ActiveCfg = Debug|Any CPU
		{9DE14B33-5ED7-4103-8375-BD8F057D9B7C}.Debug|Any CPU.Build.0 = Debug|Any CPU
		{9DE14B33-5ED7-4103-8375-BD8F057D9B7C}.Release|Any CPU.ActiveCfg = Release|Any CPU
		{9DE14B33-5ED7-4103-8375-BD8F057D9B7C}.Release|Any CPU.Build.0 = Release|Any CPU
	EndGlobalSection
	GlobalSection(SolutionProperties) = preSolution
		HideSolutionNode = FALSE
	EndGlobalSection
	GlobalSection(ExtensibilityGlobals) = postSolution
		SolutionGuid = {11C46CEB-9DE5-4C1F-BCB6-E833C315E7DA}
	EndGlobalSection
EndGlobal
