
Microsoft Visual Studio Solution File, Format Version 12.00
# Visual Studio 15
VisualStudioVersion = 15.0.27703.2026
MinimumVisualStudioVersion = 10.0.40219.1
Project("{FAE04EC0-301F-11D3-BF4B-00C04F79EFBC}") = "lesson2_3", "lesson2_3\lesson2_3.csproj", "{0FAB191A-B888-444F-94C2-8A3F6DAAA3A8}"
EndProject
Global
	GlobalSection(SolutionConfigurationPlatforms) = preSolution
		Debug|Any CPU = Debug|Any CPU
		Release|Any CPU = Release|Any CPU
	EndGlobalSection
	GlobalSection(ProjectConfigurationPlatforms) = postSolution
		{0FAB191A-B888-444F-94C2-8A3F6DAAA3A8}.Debug|Any CPU.ActiveCfg = Debug|Any CPU
		{0FAB191A-B888-444F-94C2-8A3F6DAAA3A8}.Debug|Any CPU.Build.0 = Debug|Any CPU
		{0FAB191A-B888-444F-94C2-8A3F6DAAA3A8}.Release|Any CPU.ActiveCfg = Release|Any CPU
		{0FAB191A-B888-444F-94C2-8A3F6DAAA3A8}.Release|Any CPU.Build.0 = Release|Any CPU
	EndGlobalSection
	GlobalSection(SolutionProperties) = preSolution
		HideSolutionNode = FALSE
	EndGlobalSection
	GlobalSection(ExtensibilityGlobals) = postSolution
		SolutionGuid = {0E161471-5F4E-431E-AC5E-5C8CA5CF0AC8}
	EndGlobalSection
EndGlobal
